
Microsoft Visual Studio Solution File, Format Version 12.00
# Visual Studio Version 17
VisualStudioVersion = 17.4.33122.133
MinimumVisualStudioVersion = 10.0.40219.1
Project("{FAE04EC0-301F-11D3-BF4B-00C04F79EFBC}") = "MySqlToCsv", "MySqlToCsv\MySqlToCsv.csproj", "{DB347CC6-5F9C-4B3C-B895-53553894E2AB}"
EndProject
Global
	GlobalSection(SolutionConfigurationPlatforms) = preSolution
		Debug|Any CPU = Debug|Any CPU
		Release|Any CPU = Release|Any CPU
	EndGlobalSection
	GlobalSection(ProjectConfigurationPlatforms) = postSolution
		{DB347CC6-5F9C-4B3C-B895-53553894E2AB}.Debug|Any CPU.ActiveCfg = Debug|Any CPU
		{DB347CC6-5F9C-4B3C-B895-53553894E2AB}.Debug|Any CPU.Build.0 = Debug|Any CPU
		{DB347CC6-5F9C-4B3C-B895-53553894E2AB}.Release|Any CPU.ActiveCfg = Release|Any CPU
		{DB347CC6-5F9C-4B3C-B895-53553894E2AB}.Release|Any CPU.Build.0 = Release|Any CPU
	EndGlobalSection
	GlobalSection(SolutionProperties) = preSolution
		HideSolutionNode = FALSE
	EndGlobalSection
	GlobalSection(ExtensibilityGlobals) = postSolution
		SolutionGuid = {1277F015-612B-4B85-A5D6-56E0C42EB133}
	EndGlobalSection
EndGlobal
